
Microsoft Visual Studio Solution File, Format Version 12.00
# Visual Studio 15
VisualStudioVersion = 15.0.28307.645
MinimumVisualStudioVersion = 10.0.40219.1
Project("{FAE04EC0-301F-11D3-BF4B-00C04F79EFBC}") = "ShoesStore", "ShoesStore\ShoesStore.csproj", "{330D9874-7DED-40A9-A3A8-8456AC90944A}"
EndProject
Global
	GlobalSection(SolutionConfigurationPlatforms) = preSolution
		Debug|Any CPU = Debug|Any CPU
		Release|Any CPU = Release|Any CPU
	EndGlobalSection
	GlobalSection(ProjectConfigurationPlatforms) = postSolution
		{330D9874-7DED-40A9-A3A8-8456AC90944A}.Debug|Any CPU.ActiveCfg = Debug|Any CPU
		{330D9874-7DED-40A9-A3A8-8456AC90944A}.Debug|Any CPU.Build.0 = Debug|Any CPU
		{330D9874-7DED-40A9-A3A8-8456AC90944A}.Release|Any CPU.ActiveCfg = Release|Any CPU
		{330D9874-7DED-40A9-A3A8-8456AC90944A}.Release|Any CPU.Build.0 = Release|Any CPU
	EndGlobalSection
	GlobalSection(SolutionProperties) = preSolution
		HideSolutionNode = FALSE
	EndGlobalSection
	GlobalSection(ExtensibilityGlobals) = postSolution
		SolutionGuid = {E859F14C-1DFF-42E4-A90E-5CB4494FA9EE}
	EndGlobalSection
EndGlobal
